// !$*UTF8*$!
{
	archiveVersion = 1;
	classes = {
	};
	objectVersion = 51;
	objects = {

/* Begin PBXBuildFile section */
		2A21B9E41C1B9F35EC2465AF /* Pods_InabaFlippingCardGame_InabaFlippingCardGameUITests.framework in Frameworks */ = {isa = PBXBuildFile; fileRef = 1BCBD961D75512845566A28C /* Pods_InabaFlippingCardGame_InabaFlippingCardGameUITests.framework */; };
		64B8D059733FF1B7FEDC4D7B /* Pods_InabaFlippingCardGame.framework in Frameworks */ = {isa = PBXBuildFile; fileRef = 8255BF4218CA8C88B22A7101 /* Pods_InabaFlippingCardGame.framework */; };
		64C77D3546F679CCBF9588D7 /* Pods_InabaFlippingCardGameTests.framework in Frameworks */ = {isa = PBXBuildFile; fileRef = E5C05DB8CA90BB2C41AA4669 /* Pods_InabaFlippingCardGameTests.framework */; };
		670989E92417D3E10068FCF9 /* GoogleService-Info.plist in Resources */ = {isa = PBXBuildFile; fileRef = 670989E82417D3E10068FCF9 /* GoogleService-Info.plist */; };
		670989EB2417D3EE0068FCF9 /* GoogleService-Info.plist in Resources */ = {isa = PBXBuildFile; fileRef = 670989EA2417D3EE0068FCF9 /* GoogleService-Info.plist */; };
		670989ED2417D3F30068FCF9 /* GoogleService-Info.plist in Resources */ = {isa = PBXBuildFile; fileRef = 670989EC2417D3F30068FCF9 /* GoogleService-Info.plist */; };
		6784A7DC2413E882004ED752 /* AppDelegate.swift in Sources */ = {isa = PBXBuildFile; fileRef = 6784A7DB2413E882004ED752 /* AppDelegate.swift */; };
		6784A7DE2413E882004ED752 /* SceneDelegate.swift in Sources */ = {isa = PBXBuildFile; fileRef = 6784A7DD2413E882004ED752 /* SceneDelegate.swift */; };
		6784A7E02413E882004ED752 /* MainViewController.swift in Sources */ = {isa = PBXBuildFile; fileRef = 6784A7DF2413E882004ED752 /* MainViewController.swift */; };
		6784A7E32413E882004ED752 /* Main.storyboard in Resources */ = {isa = PBXBuildFile; fileRef = 6784A7E12413E882004ED752 /* Main.storyboard */; };
		6784A7E52413E884004ED752 /* Assets.xcassets in Resources */ = {isa = PBXBuildFile; fileRef = 6784A7E42413E884004ED752 /* Assets.xcassets */; };
		6784A7E82413E884004ED752 /* LaunchScreen.storyboard in Resources */ = {isa = PBXBuildFile; fileRef = 6784A7E62413E884004ED752 /* LaunchScreen.storyboard */; };
		6784A7F32413E884004ED752 /* InabaFlippingCardGameTests.swift in Sources */ = {isa = PBXBuildFile; fileRef = 6784A7F22413E884004ED752 /* InabaFlippingCardGameTests.swift */; };
		6784A7FE2413E884004ED752 /* InabaFlippingCardGameUITests.swift in Sources */ = {isa = PBXBuildFile; fileRef = 6784A7FD2413E884004ED752 /* InabaFlippingCardGameUITests.swift */; };
		6784A80C2413ED4C004ED752 /* PlayGameViewController.swift in Sources */ = {isa = PBXBuildFile; fileRef = 6784A80B2413ED4C004ED752 /* PlayGameViewController.swift */; };
		6784A80E2413ED5E004ED752 /* PlayGameViewController.storyboard in Resources */ = {isa = PBXBuildFile; fileRef = 6784A80D2413ED5E004ED752 /* PlayGameViewController.storyboard */; };
		6784A811241404D4004ED752 /* CardCell.swift in Sources */ = {isa = PBXBuildFile; fileRef = 6784A80F241404D4004ED752 /* CardCell.swift */; };
		6784A812241404D4004ED752 /* CardCell.xib in Resources */ = {isa = PBXBuildFile; fileRef = 6784A810241404D4004ED752 /* CardCell.xib */; };
		6784A815241406F6004ED752 /* TableViewUtil.swift in Sources */ = {isa = PBXBuildFile; fileRef = 6784A814241406F6004ED752 /* TableViewUtil.swift */; };
		6784A81724140708004ED752 /* CollectionViewUtil.swift in Sources */ = {isa = PBXBuildFile; fileRef = 6784A81624140708004ED752 /* CollectionViewUtil.swift */; };
		6784A81A24147F8C004ED752 /* UIStoryboard+Extension.swift in Sources */ = {isa = PBXBuildFile; fileRef = 6784A81924147F8C004ED752 /* UIStoryboard+Extension.swift */; };
/* End PBXBuildFile section */

/* Begin PBXContainerItemProxy section */
		6784A7EF2413E884004ED752 /* PBXContainerItemProxy */ = {
			isa = PBXContainerItemProxy;
			containerPortal = 6784A7D02413E882004ED752 /* Project object */;
			proxyType = 1;
			remoteGlobalIDString = 6784A7D72413E882004ED752;
			remoteInfo = InabaFlippingCardGame;
		};
		6784A7FA2413E884004ED752 /* PBXContainerItemProxy */ = {
			isa = PBXContainerItemProxy;
			containerPortal = 6784A7D02413E882004ED752 /* Project object */;
			proxyType = 1;
			remoteGlobalIDString = 6784A7D72413E882004ED752;
			remoteInfo = InabaFlippingCardGame;
		};
/* End PBXContainerItemProxy section */

/* Begin PBXFileReference section */
		08714D207C6BC08E20279D4B /* Pods-InabaFlippingCardGame.release.xcconfig */ = {isa = PBXFileReference; includeInIndex = 1; lastKnownFileType = text.xcconfig; name = "Pods-InabaFlippingCardGame.release.xcconfig"; path = "Target Support Files/Pods-InabaFlippingCardGame/Pods-InabaFlippingCardGame.release.xcconfig"; sourceTree = "<group>"; };
		15D869EB9EBE0F186355117E /* Pods-InabaFlippingCardGameTests.release.xcconfig */ = {isa = PBXFileReference; includeInIndex = 1; lastKnownFileType = text.xcconfig; name = "Pods-InabaFlippingCardGameTests.release.xcconfig"; path = "Target Support Files/Pods-InabaFlippingCardGameTests/Pods-InabaFlippingCardGameTests.release.xcconfig"; sourceTree = "<group>"; };
		1BCBD961D75512845566A28C /* Pods_InabaFlippingCardGame_InabaFlippingCardGameUITests.framework */ = {isa = PBXFileReference; explicitFileType = wrapper.framework; includeInIndex = 0; path = Pods_InabaFlippingCardGame_InabaFlippingCardGameUITests.framework; sourceTree = BUILT_PRODUCTS_DIR; };
		57FD73CFD462A0C32FA7FEC8 /* Pods-InabaFlippingCardGame-InabaFlippingCardGameUITests.release.xcconfig */ = {isa = PBXFileReference; includeInIndex = 1; lastKnownFileType = text.xcconfig; name = "Pods-InabaFlippingCardGame-InabaFlippingCardGameUITests.release.xcconfig"; path = "Target Support Files/Pods-InabaFlippingCardGame-InabaFlippingCardGameUITests/Pods-InabaFlippingCardGame-InabaFlippingCardGameUITests.release.xcconfig"; sourceTree = "<group>"; };
		670989E82417D3E10068FCF9 /* GoogleService-Info.plist */ = {isa = PBXFileReference; fileEncoding = 4; lastKnownFileType = text.plist.xml; path = "GoogleService-Info.plist"; sourceTree = "<group>"; };
		670989EA2417D3EE0068FCF9 /* GoogleService-Info.plist */ = {isa = PBXFileReference; fileEncoding = 4; lastKnownFileType = text.plist.xml; path = "GoogleService-Info.plist"; sourceTree = "<group>"; };
		670989EC2417D3F30068FCF9 /* GoogleService-Info.plist */ = {isa = PBXFileReference; fileEncoding = 4; lastKnownFileType = text.plist.xml; path = "GoogleService-Info.plist"; sourceTree = "<group>"; };
		6784A7D82413E882004ED752 /* InabaFlippingCardGame.app */ = {isa = PBXFileReference; explicitFileType = wrapper.application; includeInIndex = 0; path = InabaFlippingCardGame.app; sourceTree = BUILT_PRODUCTS_DIR; };
		6784A7DB2413E882004ED752 /* AppDelegate.swift */ = {isa = PBXFileReference; lastKnownFileType = sourcecode.swift; path = AppDelegate.swift; sourceTree = "<group>"; };
		6784A7DD2413E882004ED752 /* SceneDelegate.swift */ = {isa = PBXFileReference; lastKnownFileType = sourcecode.swift; path = SceneDelegate.swift; sourceTree = "<group>"; };
		6784A7DF2413E882004ED752 /* MainViewController.swift */ = {isa = PBXFileReference; lastKnownFileType = sourcecode.swift; path = MainViewController.swift; sourceTree = "<group>"; };
		6784A7E22413E882004ED752 /* Base */ = {isa = PBXFileReference; lastKnownFileType = file.storyboard; name = Base; path = Base.lproj/Main.storyboard; sourceTree = "<group>"; };
		6784A7E42413E884004ED752 /* Assets.xcassets */ = {isa = PBXFileReference; lastKnownFileType = folder.assetcatalog; path = Assets.xcassets; sourceTree = "<group>"; };
		6784A7E72413E884004ED752 /* Base */ = {isa = PBXFileReference; lastKnownFileType = file.storyboard; name = Base; path = Base.lproj/LaunchScreen.storyboard; sourceTree = "<group>"; };
		6784A7E92413E884004ED752 /* Info.plist */ = {isa = PBXFileReference; lastKnownFileType = text.plist.xml; path = Info.plist; sourceTree = "<group>"; };
		6784A7EE2413E884004ED752 /* InabaFlippingCardGameTests.xctest */ = {isa = PBXFileReference; explicitFileType = wrapper.cfbundle; includeInIndex = 0; path = InabaFlippingCardGameTests.xctest; sourceTree = BUILT_PRODUCTS_DIR; };
		6784A7F22413E884004ED752 /* InabaFlippingCardGameTests.swift */ = {isa = PBXFileReference; lastKnownFileType = sourcecode.swift; path = InabaFlippingCardGameTests.swift; sourceTree = "<group>"; };
		6784A7F42413E884004ED752 /* Info.plist */ = {isa = PBXFileReference; lastKnownFileType = text.plist.xml; path = Info.plist; sourceTree = "<group>"; };
		6784A7F92413E884004ED752 /* InabaFlippingCardGameUITests.xctest */ = {isa = PBXFileReference; explicitFileType = wrapper.cfbundle; includeInIndex = 0; path = InabaFlippingCardGameUITests.xctest; sourceTree = BUILT_PRODUCTS_DIR; };
		6784A7FD2413E884004ED752 /* InabaFlippingCardGameUITests.swift */ = {isa = PBXFileReference; lastKnownFileType = sourcecode.swift; path = InabaFlippingCardGameUITests.swift; sourceTree = "<group>"; };
		6784A7FF2413E884004ED752 /* Info.plist */ = {isa = PBXFileReference; lastKnownFileType = text.plist.xml; path = Info.plist; sourceTree = "<group>"; };
		6784A80B2413ED4C004ED752 /* PlayGameViewController.swift */ = {isa = PBXFileReference; lastKnownFileType = sourcecode.swift; path = PlayGameViewController.swift; sourceTree = "<group>"; };
		6784A80D2413ED5E004ED752 /* PlayGameViewController.storyboard */ = {isa = PBXFileReference; lastKnownFileType = file.storyboard; path = PlayGameViewController.storyboard; sourceTree = "<group>"; };
		6784A80F241404D4004ED752 /* CardCell.swift */ = {isa = PBXFileReference; lastKnownFileType = sourcecode.swift; path = CardCell.swift; sourceTree = "<group>"; };
		6784A810241404D4004ED752 /* CardCell.xib */ = {isa = PBXFileReference; lastKnownFileType = file.xib; path = CardCell.xib; sourceTree = "<group>"; };
		6784A814241406F6004ED752 /* TableViewUtil.swift */ = {isa = PBXFileReference; lastKnownFileType = sourcecode.swift; path = TableViewUtil.swift; sourceTree = "<group>"; };
		6784A81624140708004ED752 /* CollectionViewUtil.swift */ = {isa = PBXFileReference; lastKnownFileType = sourcecode.swift; path = CollectionViewUtil.swift; sourceTree = "<group>"; };
		6784A81924147F8C004ED752 /* UIStoryboard+Extension.swift */ = {isa = PBXFileReference; lastKnownFileType = sourcecode.swift; path = "UIStoryboard+Extension.swift"; sourceTree = "<group>"; };
		7859A341689596C5BF869D1F /* Pods-InabaFlippingCardGame-InabaFlippingCardGameUITests.debug.xcconfig */ = {isa = PBXFileReference; includeInIndex = 1; lastKnownFileType = text.xcconfig; name = "Pods-InabaFlippingCardGame-InabaFlippingCardGameUITests.debug.xcconfig"; path = "Target Support Files/Pods-InabaFlippingCardGame-InabaFlippingCardGameUITests/Pods-InabaFlippingCardGame-InabaFlippingCardGameUITests.debug.xcconfig"; sourceTree = "<group>"; };
		8255BF4218CA8C88B22A7101 /* Pods_InabaFlippingCardGame.framework */ = {isa = PBXFileReference; explicitFileType = wrapper.framework; includeInIndex = 0; path = Pods_InabaFlippingCardGame.framework; sourceTree = BUILT_PRODUCTS_DIR; };
		C2DD0A10F491E4B4AC03F0FB /* Pods-InabaFlippingCardGame.debug.xcconfig */ = {isa = PBXFileReference; includeInIndex = 1; lastKnownFileType = text.xcconfig; name = "Pods-InabaFlippingCardGame.debug.xcconfig"; path = "Target Support Files/Pods-InabaFlippingCardGame/Pods-InabaFlippingCardGame.debug.xcconfig"; sourceTree = "<group>"; };
		E5C05DB8CA90BB2C41AA4669 /* Pods_InabaFlippingCardGameTests.framework */ = {isa = PBXFileReference; explicitFileType = wrapper.framework; includeInIndex = 0; path = Pods_InabaFlippingCardGameTests.framework; sourceTree = BUILT_PRODUCTS_DIR; };
		F17F284C53A02F565AE975D0 /* Pods-InabaFlippingCardGameTests.debug.xcconfig */ = {isa = PBXFileReference; includeInIndex = 1; lastKnownFileType = text.xcconfig; name = "Pods-InabaFlippingCardGameTests.debug.xcconfig"; path = "Target Support Files/Pods-InabaFlippingCardGameTests/Pods-InabaFlippingCardGameTests.debug.xcconfig"; sourceTree = "<group>"; };
/* End PBXFileReference section */

/* Begin PBXFrameworksBuildPhase section */
		6784A7D52413E882004ED752 /* Frameworks */ = {
			isa = PBXFrameworksBuildPhase;
			buildActionMask = 2147483647;
			files = (
				64B8D059733FF1B7FEDC4D7B /* Pods_InabaFlippingCardGame.framework in Frameworks */,
			);
			runOnlyForDeploymentPostprocessing = 0;
		};
		6784A7EB2413E884004ED752 /* Frameworks */ = {
			isa = PBXFrameworksBuildPhase;
			buildActionMask = 2147483647;
			files = (
				64C77D3546F679CCBF9588D7 /* Pods_InabaFlippingCardGameTests.framework in Frameworks */,
			);
			runOnlyForDeploymentPostprocessing = 0;
		};
		6784A7F62413E884004ED752 /* Frameworks */ = {
			isa = PBXFrameworksBuildPhase;
			buildActionMask = 2147483647;
			files = (
				2A21B9E41C1B9F35EC2465AF /* Pods_InabaFlippingCardGame_InabaFlippingCardGameUITests.framework in Frameworks */,
			);
			runOnlyForDeploymentPostprocessing = 0;
		};
/* End PBXFrameworksBuildPhase section */

/* Begin PBXGroup section */
		443686D39FAE781857AA2AD6 /* Frameworks */ = {
			isa = PBXGroup;
			children = (
				8255BF4218CA8C88B22A7101 /* Pods_InabaFlippingCardGame.framework */,
				1BCBD961D75512845566A28C /* Pods_InabaFlippingCardGame_InabaFlippingCardGameUITests.framework */,
				E5C05DB8CA90BB2C41AA4669 /* Pods_InabaFlippingCardGameTests.framework */,
			);
			name = Frameworks;
			sourceTree = "<group>";
		};
		6784A7CF2413E882004ED752 = {
			isa = PBXGroup;
			children = (
				6784A7DA2413E882004ED752 /* InabaFlippingCardGame */,
				6784A7F12413E884004ED752 /* InabaFlippingCardGameTests */,
				6784A7FC2413E884004ED752 /* InabaFlippingCardGameUITests */,
				6784A7D92413E882004ED752 /* Products */,
				F744F1F1249F188B272C4C39 /* Pods */,
				443686D39FAE781857AA2AD6 /* Frameworks */,
			);
			sourceTree = "<group>";
		};
		6784A7D92413E882004ED752 /* Products */ = {
			isa = PBXGroup;
			children = (
				6784A7D82413E882004ED752 /* InabaFlippingCardGame.app */,
				6784A7EE2413E884004ED752 /* InabaFlippingCardGameTests.xctest */,
				6784A7F92413E884004ED752 /* InabaFlippingCardGameUITests.xctest */,
			);
			name = Products;
			sourceTree = "<group>";
		};
		6784A7DA2413E882004ED752 /* InabaFlippingCardGame */ = {
			isa = PBXGroup;
			children = (
				6784A7DB2413E882004ED752 /* AppDelegate.swift */,
				6784A7DD2413E882004ED752 /* SceneDelegate.swift */,
				6784A81824147F64004ED752 /* Extension */,
				6784A813241406D1004ED752 /* Utility */,
				6784A7DF2413E882004ED752 /* MainViewController.swift */,
				6784A7E12413E882004ED752 /* Main.storyboard */,
				6784A80B2413ED4C004ED752 /* PlayGameViewController.swift */,
				6784A80D2413ED5E004ED752 /* PlayGameViewController.storyboard */,
				6784A80F241404D4004ED752 /* CardCell.swift */,
				6784A810241404D4004ED752 /* CardCell.xib */,
				6784A7E42413E884004ED752 /* Assets.xcassets */,
				6784A7E62413E884004ED752 /* LaunchScreen.storyboard */,
				6784A7E92413E884004ED752 /* Info.plist */,
				670989E82417D3E10068FCF9 /* GoogleService-Info.plist */,
			);
			path = InabaFlippingCardGame;
			sourceTree = "<group>";
		};
		6784A7F12413E884004ED752 /* InabaFlippingCardGameTests */ = {
			isa = PBXGroup;
			children = (
				6784A7F22413E884004ED752 /* InabaFlippingCardGameTests.swift */,
				6784A7F42413E884004ED752 /* Info.plist */,
				670989EA2417D3EE0068FCF9 /* GoogleService-Info.plist */,
			);
			path = InabaFlippingCardGameTests;
			sourceTree = "<group>";
		};
		6784A7FC2413E884004ED752 /* InabaFlippingCardGameUITests */ = {
			isa = PBXGroup;
			children = (
				6784A7FD2413E884004ED752 /* InabaFlippingCardGameUITests.swift */,
				6784A7FF2413E884004ED752 /* Info.plist */,
				670989EC2417D3F30068FCF9 /* GoogleService-Info.plist */,
			);
			path = InabaFlippingCardGameUITests;
			sourceTree = "<group>";
		};
		6784A813241406D1004ED752 /* Utility */ = {
			isa = PBXGroup;
			children = (
				6784A814241406F6004ED752 /* TableViewUtil.swift */,
				6784A81624140708004ED752 /* CollectionViewUtil.swift */,
			);
			path = Utility;
			sourceTree = "<group>";
		};
		6784A81824147F64004ED752 /* Extension */ = {
			isa = PBXGroup;
			children = (
				6784A81924147F8C004ED752 /* UIStoryboard+Extension.swift */,
			);
			path = Extension;
			sourceTree = "<group>";
		};
		F744F1F1249F188B272C4C39 /* Pods */ = {
			isa = PBXGroup;
			children = (
				C2DD0A10F491E4B4AC03F0FB /* Pods-InabaFlippingCardGame.debug.xcconfig */,
				08714D207C6BC08E20279D4B /* Pods-InabaFlippingCardGame.release.xcconfig */,
				7859A341689596C5BF869D1F /* Pods-InabaFlippingCardGame-InabaFlippingCardGameUITests.debug.xcconfig */,
				57FD73CFD462A0C32FA7FEC8 /* Pods-InabaFlippingCardGame-InabaFlippingCardGameUITests.release.xcconfig */,
				F17F284C53A02F565AE975D0 /* Pods-InabaFlippingCardGameTests.debug.xcconfig */,
				15D869EB9EBE0F186355117E /* Pods-InabaFlippingCardGameTests.release.xcconfig */,
			);
			path = Pods;
			sourceTree = "<group>";
		};
/* End PBXGroup section */

/* Begin PBXNativeTarget section */
		6784A7D72413E882004ED752 /* InabaFlippingCardGame */ = {
			isa = PBXNativeTarget;
			buildConfigurationList = 6784A8022413E884004ED752 /* Build configuration list for PBXNativeTarget "InabaFlippingCardGame" */;
			buildPhases = (
				8C5F84FEB0B91F9D026224B3 /* [CP] Check Pods Manifest.lock */,
				6784A7D42413E882004ED752 /* Sources */,
				6784A7D52413E882004ED752 /* Frameworks */,
				6784A7D62413E882004ED752 /* Resources */,
				FBCEE18625839C55964D82FC /* [CP] Embed Pods Frameworks */,
			);
			buildRules = (
			);
			dependencies = (
			);
			name = InabaFlippingCardGame;
			productName = InabaFlippingCardGame;
			productReference = 6784A7D82413E882004ED752 /* InabaFlippingCardGame.app */;
			productType = "com.apple.product-type.application";
		};
		6784A7ED2413E884004ED752 /* InabaFlippingCardGameTests */ = {
			isa = PBXNativeTarget;
			buildConfigurationList = 6784A8052413E884004ED752 /* Build configuration list for PBXNativeTarget "InabaFlippingCardGameTests" */;
			buildPhases = (
				8E5CD3BAD1B217185DB7E6EA /* [CP] Check Pods Manifest.lock */,
				6784A7EA2413E884004ED752 /* Sources */,
				6784A7EB2413E884004ED752 /* Frameworks */,
				6784A7EC2413E884004ED752 /* Resources */,
			);
			buildRules = (
			);
			dependencies = (
				6784A7F02413E884004ED752 /* PBXTargetDependency */,
			);
			name = InabaFlippingCardGameTests;
			productName = InabaFlippingCardGameTests;
			productReference = 6784A7EE2413E884004ED752 /* InabaFlippingCardGameTests.xctest */;
			productType = "com.apple.product-type.bundle.unit-test";
		};
		6784A7F82413E884004ED752 /* InabaFlippingCardGameUITests */ = {
			isa = PBXNativeTarget;
			buildConfigurationList = 6784A8082413E884004ED752 /* Build configuration list for PBXNativeTarget "InabaFlippingCardGameUITests" */;
			buildPhases = (
				D69AEDA3707CED3489E96A62 /* [CP] Check Pods Manifest.lock */,
				6784A7F52413E884004ED752 /* Sources */,
				6784A7F62413E884004ED752 /* Frameworks */,
				6784A7F72413E884004ED752 /* Resources */,
				914DD15A19094E0DE0094612 /* [CP] Embed Pods Frameworks */,
			);
			buildRules = (
			);
			dependencies = (
				6784A7FB2413E884004ED752 /* PBXTargetDependency */,
			);
			name = InabaFlippingCardGameUITests;
			productName = InabaFlippingCardGameUITests;
			productReference = 6784A7F92413E884004ED752 /* InabaFlippingCardGameUITests.xctest */;
			productType = "com.apple.product-type.bundle.ui-testing";
		};
/* End PBXNativeTarget section */

/* Begin PBXProject section */
		6784A7D02413E882004ED752 /* Project object */ = {
			isa = PBXProject;
			attributes = {
				LastSwiftUpdateCheck = 1130;
				LastUpgradeCheck = 1130;
				ORGANIZATIONNAME = fukase;
				TargetAttributes = {
					6784A7D72413E882004ED752 = {
						CreatedOnToolsVersion = 11.3;
					};
					6784A7ED2413E884004ED752 = {
						CreatedOnToolsVersion = 11.3;
						TestTargetID = 6784A7D72413E882004ED752;
					};
					6784A7F82413E884004ED752 = {
						CreatedOnToolsVersion = 11.3;
						TestTargetID = 6784A7D72413E882004ED752;
					};
				};
			};
			buildConfigurationList = 6784A7D32413E882004ED752 /* Build configuration list for PBXProject "InabaFlippingCardGame" */;
			compatibilityVersion = "Xcode 9.3";
			developmentRegion = en;
			hasScannedForEncodings = 0;
			knownRegions = (
				en,
				Base,
			);
			mainGroup = 6784A7CF2413E882004ED752;
			productRefGroup = 6784A7D92413E882004ED752 /* Products */;
			projectDirPath = "";
			projectRoot = "";
			targets = (
				6784A7D72413E882004ED752 /* InabaFlippingCardGame */,
				6784A7ED2413E884004ED752 /* InabaFlippingCardGameTests */,
				6784A7F82413E884004ED752 /* InabaFlippingCardGameUITests */,
			);
		};
/* End PBXProject section */

/* Begin PBXResourcesBuildPhase section */
		6784A7D62413E882004ED752 /* Resources */ = {
			isa = PBXResourcesBuildPhase;
			buildActionMask = 2147483647;
			files = (
				6784A7E82413E884004ED752 /* LaunchScreen.storyboard in Resources */,
				6784A80E2413ED5E004ED752 /* PlayGameViewController.storyboard in Resources */,
				6784A812241404D4004ED752 /* CardCell.xib in Resources */,
				6784A7E52413E884004ED752 /* Assets.xcassets in Resources */,
				6784A7E32413E882004ED752 /* Main.storyboard in Resources */,
				670989E92417D3E10068FCF9 /* GoogleService-Info.plist in Resources */,
			);
			runOnlyForDeploymentPostprocessing = 0;
		};
		6784A7EC2413E884004ED752 /* Resources */ = {
			isa = PBXResourcesBuildPhase;
			buildActionMask = 2147483647;
			files = (
				670989EB2417D3EE0068FCF9 /* GoogleService-Info.plist in Resources */,
			);
			runOnlyForDeploymentPostprocessing = 0;
		};
		6784A7F72413E884004ED752 /* Resources */ = {
			isa = PBXResourcesBuildPhase;
			buildActionMask = 2147483647;
			files = (
				670989ED2417D3F30068FCF9 /* GoogleService-Info.plist in Resources */,
			);
			runOnlyForDeploymentPostprocessing = 0;
		};
/* End PBXResourcesBuildPhase section */

/* Begin PBXShellScriptBuildPhase section */
		8C5F84FEB0B91F9D026224B3 /* [CP] Check Pods Manifest.lock */ = {
			isa = PBXShellScriptBuildPhase;
			buildActionMask = 2147483647;
			files = (
			);
			inputFileListPaths = (
			);
			inputPaths = (
				"${PODS_PODFILE_DIR_PATH}/Podfile.lock",
				"${PODS_ROOT}/Manifest.lock",
			);
			name = "[CP] Check Pods Manifest.lock";
			outputFileListPaths = (
			);
			outputPaths = (
				"$(DERIVED_FILE_DIR)/Pods-InabaFlippingCardGame-checkManifestLockResult.txt",
			);
			runOnlyForDeploymentPostprocessing = 0;
			shellPath = /bin/sh;
			shellScript = "diff \"${PODS_PODFILE_DIR_PATH}/Podfile.lock\" \"${PODS_ROOT}/Manifest.lock\" > /dev/null\nif [ $? != 0 ] ; then\n    # print error to STDERR\n    echo \"error: The sandbox is not in sync with the Podfile.lock. Run 'pod install' or update your CocoaPods installation.\" >&2\n    exit 1\nfi\n# This output is used by Xcode 'outputs' to avoid re-running this script phase.\necho \"SUCCESS\" > \"${SCRIPT_OUTPUT_FILE_0}\"\n";
			showEnvVarsInLog = 0;
		};
		8E5CD3BAD1B217185DB7E6EA /* [CP] Check Pods Manifest.lock */ = {
			isa = PBXShellScriptBuildPhase;
			buildActionMask = 2147483647;
			files = (
			);
			inputFileListPaths = (
			);
			inputPaths = (
				"${PODS_PODFILE_DIR_PATH}/Podfile.lock",
				"${PODS_ROOT}/Manifest.lock",
			);
			name = "[CP] Check Pods Manifest.lock";
			outputFileListPaths = (
			);
			outputPaths = (
				"$(DERIVED_FILE_DIR)/Pods-InabaFlippingCardGameTests-checkManifestLockResult.txt",
			);
			runOnlyForDeploymentPostprocessing = 0;
			shellPath = /bin/sh;
			shellScript = "diff \"${PODS_PODFILE_DIR_PATH}/Podfile.lock\" \"${PODS_ROOT}/Manifest.lock\" > /dev/null\nif [ $? != 0 ] ; then\n    # print error to STDERR\n    echo \"error: The sandbox is not in sync with the Podfile.lock. Run 'pod install' or update your CocoaPods installation.\" >&2\n    exit 1\nfi\n# This output is used by Xcode 'outputs' to avoid re-running this script phase.\necho \"SUCCESS\" > \"${SCRIPT_OUTPUT_FILE_0}\"\n";
			showEnvVarsInLog = 0;
		};
		914DD15A19094E0DE0094612 /* [CP] Embed Pods Frameworks */ = {
			isa = PBXShellScriptBuildPhase;
			buildActionMask = 2147483647;
			files = (
			);
			inputFileListPaths = (
				"${PODS_ROOT}/Target Support Files/Pods-InabaFlippingCardGame-InabaFlippingCardGameUITests/Pods-InabaFlippingCardGame-InabaFlippingCardGameUITests-frameworks-${CONFIGURATION}-input-files.xcfilelist",
			);
			name = "[CP] Embed Pods Frameworks";
			outputFileListPaths = (
				"${PODS_ROOT}/Target Support Files/Pods-InabaFlippingCardGame-InabaFlippingCardGameUITests/Pods-InabaFlippingCardGame-InabaFlippingCardGameUITests-frameworks-${CONFIGURATION}-output-files.xcfilelist",
			);
			runOnlyForDeploymentPostprocessing = 0;
			shellPath = /bin/sh;
			shellScript = "\"${PODS_ROOT}/Target Support Files/Pods-InabaFlippingCardGame-InabaFlippingCardGameUITests/Pods-InabaFlippingCardGame-InabaFlippingCardGameUITests-frameworks.sh\"\n";
			showEnvVarsInLog = 0;
		};
		D69AEDA3707CED3489E96A62 /* [CP] Check Pods Manifest.lock */ = {
			isa = PBXShellScriptBuildPhase;
			buildActionMask = 2147483647;
			files = (
			);
			inputFileListPaths = (
			);
			inputPaths = (
				"${PODS_PODFILE_DIR_PATH}/Podfile.lock",
				"${PODS_ROOT}/Manifest.lock",
			);
			name = "[CP] Check Pods Manifest.lock";
			outputFileListPaths = (
			);
			outputPaths = (
				"$(DERIVED_FILE_DIR)/Pods-InabaFlippingCardGame-InabaFlippingCardGameUITests-checkManifestLockResult.txt",
			);
			runOnlyForDeploymentPostprocessing = 0;
			shellPath = /bin/sh;
			shellScript = "diff \"${PODS_PODFILE_DIR_PATH}/Podfile.lock\" \"${PODS_ROOT}/Manifest.lock\" > /dev/null\nif [ $? != 0 ] ; then\n    # print error to STDERR\n    echo \"error: The sandbox is not in sync with the Podfile.lock. Run 'pod install' or update your CocoaPods installation.\" >&2\n    exit 1\nfi\n# This output is used by Xcode 'outputs' to avoid re-running this script phase.\necho \"SUCCESS\" > \"${SCRIPT_OUTPUT_FILE_0}\"\n";
			showEnvVarsInLog = 0;
		};
		FBCEE18625839C55964D82FC /* [CP] Embed Pods Frameworks */ = {
			isa = PBXShellScriptBuildPhase;
			buildActionMask = 2147483647;
			files = (
			);
			inputFileListPaths = (
				"${PODS_ROOT}/Target Support Files/Pods-InabaFlippingCardGame/Pods-InabaFlippingCardGame-frameworks-${CONFIGURATION}-input-files.xcfilelist",
			);
			name = "[CP] Embed Pods Frameworks";
			outputFileListPaths = (
				"${PODS_ROOT}/Target Support Files/Pods-InabaFlippingCardGame/Pods-InabaFlippingCardGame-frameworks-${CONFIGURATION}-output-files.xcfilelist",
			);
			runOnlyForDeploymentPostprocessing = 0;
			shellPath = /bin/sh;
			shellScript = "\"${PODS_ROOT}/Target Support Files/Pods-InabaFlippingCardGame/Pods-InabaFlippingCardGame-frameworks.sh\"\n";
			showEnvVarsInLog = 0;
		};
/* End PBXShellScriptBuildPhase section */

/* Begin PBXSourcesBuildPhase section */
		6784A7D42413E882004ED752 /* Sources */ = {
			isa = PBXSourcesBuildPhase;
			buildActionMask = 2147483647;
			files = (
				6784A811241404D4004ED752 /* CardCell.swift in Sources */,
				6784A81724140708004ED752 /* CollectionViewUtil.swift in Sources */,
				6784A7E02413E882004ED752 /* MainViewController.swift in Sources */,
				6784A7DC2413E882004ED752 /* AppDelegate.swift in Sources */,
				6784A815241406F6004ED752 /* TableViewUtil.swift in Sources */,
				6784A80C2413ED4C004ED752 /* PlayGameViewController.swift in Sources */,
				6784A81A24147F8C004ED752 /* UIStoryboard+Extension.swift in Sources */,
				6784A7DE2413E882004ED752 /* SceneDelegate.swift in Sources */,
			);
			runOnlyForDeploymentPostprocessing = 0;
		};
		6784A7EA2413E884004ED752 /* Sources */ = {
			isa = PBXSourcesBuildPhase;
			buildActionMask = 2147483647;
			files = (
				6784A7F32413E884004ED752 /* InabaFlippingCardGameTests.swift in Sources */,
			);
			runOnlyForDeploymentPostprocessing = 0;
		};
		6784A7F52413E884004ED752 /* Sources */ = {
			isa = PBXSourcesBuildPhase;
			buildActionMask = 2147483647;
			files = (
				6784A7FE2413E884004ED752 /* InabaFlippingCardGameUITests.swift in Sources */,
			);
			runOnlyForDeploymentPostprocessing = 0;
		};
/* End PBXSourcesBuildPhase section */

/* Begin PBXTargetDependency section */
		6784A7F02413E884004ED752 /* PBXTargetDependency */ = {
			isa = PBXTargetDependency;
			target = 6784A7D72413E882004ED752 /* InabaFlippingCardGame */;
			targetProxy = 6784A7EF2413E884004ED752 /* PBXContainerItemProxy */;
		};
		6784A7FB2413E884004ED752 /* PBXTargetDependency */ = {
			isa = PBXTargetDependency;
			target = 6784A7D72413E882004ED752 /* InabaFlippingCardGame */;
			targetProxy = 6784A7FA2413E884004ED752 /* PBXContainerItemProxy */;
		};
/* End PBXTargetDependency section */

/* Begin PBXVariantGroup section */
		6784A7E12413E882004ED752 /* Main.storyboard */ = {
			isa = PBXVariantGroup;
			children = (
				6784A7E22413E882004ED752 /* Base */,
			);
			name = Main.storyboard;
			sourceTree = "<group>";
		};
		6784A7E62413E884004ED752 /* LaunchScreen.storyboard */ = {
			isa = PBXVariantGroup;
			children = (
				6784A7E72413E884004ED752 /* Base */,
			);
			name = LaunchScreen.storyboard;
			sourceTree = "<group>";
		};
/* End PBXVariantGroup section */

/* Begin XCBuildConfiguration section */
		6784A8002413E884004ED752 /* Debug */ = {
			isa = XCBuildConfiguration;
			buildSettings = {
				ALWAYS_SEARCH_USER_PATHS = NO;
				CLANG_ANALYZER_NONNULL = YES;
				CLANG_ANALYZER_NUMBER_OBJECT_CONVERSION = YES_AGGRESSIVE;
				CLANG_CXX_LANGUAGE_STANDARD = "gnu++14";
				CLANG_CXX_LIBRARY = "libc++";
				CLANG_ENABLE_MODULES = YES;
				CLANG_ENABLE_OBJC_ARC = YES;
				CLANG_ENABLE_OBJC_WEAK = YES;
				CLANG_WARN_BLOCK_CAPTURE_AUTORELEASING = YES;
				CLANG_WARN_BOOL_CONVERSION = YES;
				CLANG_WARN_COMMA = YES;
				CLANG_WARN_CONSTANT_CONVERSION = YES;
				CLANG_WARN_DEPRECATED_OBJC_IMPLEMENTATIONS = YES;
				CLANG_WARN_DIRECT_OBJC_ISA_USAGE = YES_ERROR;
				CLANG_WARN_DOCUMENTATION_COMMENTS = YES;
				CLANG_WARN_EMPTY_BODY = YES;
				CLANG_WARN_ENUM_CONVERSION = YES;
				CLANG_WARN_INFINITE_RECURSION = YES;
				CLANG_WARN_INT_CONVERSION = YES;
				CLANG_WARN_NON_LITERAL_NULL_CONVERSION = YES;
				CLANG_WARN_OBJC_IMPLICIT_RETAIN_SELF = YES;
				CLANG_WARN_OBJC_LITERAL_CONVERSION = YES;
				CLANG_WARN_OBJC_ROOT_CLASS = YES_ERROR;
				CLANG_WARN_RANGE_LOOP_ANALYSIS = YES;
				CLANG_WARN_STRICT_PROTOTYPES = YES;
				CLANG_WARN_SUSPICIOUS_MOVE = YES;
				CLANG_WARN_UNGUARDED_AVAILABILITY = YES_AGGRESSIVE;
				CLANG_WARN_UNREACHABLE_CODE = YES;
				CLANG_WARN__DUPLICATE_METHOD_MATCH = YES;
				COPY_PHASE_STRIP = NO;
				DEBUG_INFORMATION_FORMAT = dwarf;
				ENABLE_STRICT_OBJC_MSGSEND = YES;
				ENABLE_TESTABILITY = YES;
				GCC_C_LANGUAGE_STANDARD = gnu11;
				GCC_DYNAMIC_NO_PIC = NO;
				GCC_NO_COMMON_BLOCKS = YES;
				GCC_OPTIMIZATION_LEVEL = 0;
				GCC_PREPROCESSOR_DEFINITIONS = (
					"DEBUG=1",
					"$(inherited)",
				);
				GCC_WARN_64_TO_32_BIT_CONVERSION = YES;
				GCC_WARN_ABOUT_RETURN_TYPE = YES_ERROR;
				GCC_WARN_UNDECLARED_SELECTOR = YES;
				GCC_WARN_UNINITIALIZED_AUTOS = YES_AGGRESSIVE;
				GCC_WARN_UNUSED_FUNCTION = YES;
				GCC_WARN_UNUSED_VARIABLE = YES;
				IPHONEOS_DEPLOYMENT_TARGET = 13.2;
				MTL_ENABLE_DEBUG_INFO = INCLUDE_SOURCE;
				MTL_FAST_MATH = YES;
				ONLY_ACTIVE_ARCH = YES;
				SDKROOT = iphoneos;
				SWIFT_ACTIVE_COMPILATION_CONDITIONS = DEBUG;
				SWIFT_OPTIMIZATION_LEVEL = "-Onone";
			};
			name = Debug;
		};
		6784A8012413E884004ED752 /* Release */ = {
			isa = XCBuildConfiguration;
			buildSettings = {
				ALWAYS_SEARCH_USER_PATHS = NO;
				CLANG_ANALYZER_NONNULL = YES;
				CLANG_ANALYZER_NUMBER_OBJECT_CONVERSION = YES_AGGRESSIVE;
				CLANG_CXX_LANGUAGE_STANDARD = "gnu++14";
				CLANG_CXX_LIBRARY = "libc++";
				CLANG_ENABLE_MODULES = YES;
				CLANG_ENABLE_OBJC_ARC = YES;
				CLANG_ENABLE_OBJC_WEAK = YES;
				CLANG_WARN_BLOCK_CAPTURE_AUTORELEASING = YES;
				CLANG_WARN_BOOL_CONVERSION = YES;
				CLANG_WARN_COMMA = YES;
				CLANG_WARN_CONSTANT_CONVERSION = YES;
				CLANG_WARN_DEPRECATED_OBJC_IMPLEMENTATIONS = YES;
				CLANG_WARN_DIRECT_OBJC_ISA_USAGE = YES_ERROR;
				CLANG_WARN_DOCUMENTATION_COMMENTS = YES;
				CLANG_WARN_EMPTY_BODY = YES;
				CLANG_WARN_ENUM_CONVERSION = YES;
				CLANG_WARN_INFINITE_RECURSION = YES;
				CLANG_WARN_INT_CONVERSION = YES;
				CLANG_WARN_NON_LITERAL_NULL_CONVERSION = YES;
				CLANG_WARN_OBJC_IMPLICIT_RETAIN_SELF = YES;
				CLANG_WARN_OBJC_LITERAL_CONVERSION = YES;
				CLANG_WARN_OBJC_ROOT_CLASS = YES_ERROR;
				CLANG_WARN_RANGE_LOOP_ANALYSIS = YES;
				CLANG_WARN_STRICT_PROTOTYPES = YES;
				CLANG_WARN_SUSPICIOUS_MOVE = YES;
				CLANG_WARN_UNGUARDED_AVAILABILITY = YES_AGGRESSIVE;
				CLANG_WARN_UNREACHABLE_CODE = YES;
				CLANG_WARN__DUPLICATE_METHOD_MATCH = YES;
				COPY_PHASE_STRIP = NO;
				DEBUG_INFORMATION_FORMAT = "dwarf-with-dsym";
				ENABLE_NS_ASSERTIONS = NO;
				ENABLE_STRICT_OBJC_MSGSEND = YES;
				GCC_C_LANGUAGE_STANDARD = gnu11;
				GCC_NO_COMMON_BLOCKS = YES;
				GCC_WARN_64_TO_32_BIT_CONVERSION = YES;
				GCC_WARN_ABOUT_RETURN_TYPE = YES_ERROR;
				GCC_WARN_UNDECLARED_SELECTOR = YES;
				GCC_WARN_UNINITIALIZED_AUTOS = YES_AGGRESSIVE;
				GCC_WARN_UNUSED_FUNCTION = YES;
				GCC_WARN_UNUSED_VARIABLE = YES;
				IPHONEOS_DEPLOYMENT_TARGET = 13.2;
				MTL_ENABLE_DEBUG_INFO = NO;
				MTL_FAST_MATH = YES;
				SDKROOT = iphoneos;
				SWIFT_COMPILATION_MODE = wholemodule;
				SWIFT_OPTIMIZATION_LEVEL = "-O";
				VALIDATE_PRODUCT = YES;
			};
			name = Release;
		};
		6784A8032413E884004ED752 /* Debug */ = {
			isa = XCBuildConfiguration;
			baseConfigurationReference = C2DD0A10F491E4B4AC03F0FB /* Pods-InabaFlippingCardGame.debug.xcconfig */;
			buildSettings = {
				ASSETCATALOG_COMPILER_APPICON_NAME = AppIcon;
				CODE_SIGN_STYLE = Automatic;
				DEVELOPMENT_TEAM = 37MFDT4LMQ;
				INFOPLIST_FILE = InabaFlippingCardGame/Info.plist;
				IPHONEOS_DEPLOYMENT_TARGET = 13.2;
				LD_RUNPATH_SEARCH_PATHS = (
					"$(inherited)",
					"@executable_path/Frameworks",
				);
				PRODUCT_BUNDLE_IDENTIFIER = com.fukase.InabaFlippingCardGame;
				PRODUCT_NAME = "$(TARGET_NAME)";
				SWIFT_VERSION = 5.0;
				TARGETED_DEVICE_FAMILY = "1,2";
			};
			name = Debug;
		};
		6784A8042413E884004ED752 /* Release */ = {
			isa = XCBuildConfiguration;
			baseConfigurationReference = 08714D207C6BC08E20279D4B /* Pods-InabaFlippingCardGame.release.xcconfig */;
			buildSettings = {
				ASSETCATALOG_COMPILER_APPICON_NAME = AppIcon;
				CODE_SIGN_STYLE = Automatic;
				DEVELOPMENT_TEAM = 37MFDT4LMQ;
				INFOPLIST_FILE = InabaFlippingCardGame/Info.plist;
				IPHONEOS_DEPLOYMENT_TARGET = 13.2;
				LD_RUNPATH_SEARCH_PATHS = (
					"$(inherited)",
					"@executable_path/Frameworks",
				);
				PRODUCT_BUNDLE_IDENTIFIER = com.fukase.InabaFlippingCardGame;
				PRODUCT_NAME = "$(TARGET_NAME)";
				SWIFT_VERSION = 5.0;
				TARGETED_DEVICE_FAMILY = "1,2";
			};
			name = Release;
		};
		6784A8062413E884004ED752 /* Debug */ = {
			isa = XCBuildConfiguration;
			baseConfigurationReference = F17F284C53A02F565AE975D0 /* Pods-InabaFlippingCardGameTests.debug.xcconfig */;
			buildSettings = {
				ALWAYS_EMBED_SWIFT_STANDARD_LIBRARIES = YES;
				BUNDLE_LOADER = "$(TEST_HOST)";
				CODE_SIGN_STYLE = Automatic;
				DEVELOPMENT_TEAM = 37MFDT4LMQ;
				INFOPLIST_FILE = InabaFlippingCardGameTests/Info.plist;
				IPHONEOS_DEPLOYMENT_TARGET = 13.2;
				LD_RUNPATH_SEARCH_PATHS = (
					"$(inherited)",
					"@executable_path/Frameworks",
					"@loader_path/Frameworks",
				);
				PRODUCT_BUNDLE_IDENTIFIER = com.fukase.InabaFlippingCardGameTests;
				PRODUCT_NAME = "$(TARGET_NAME)";
				SWIFT_VERSION = 5.0;
				TARGETED_DEVICE_FAMILY = "1,2";
				TEST_HOST = "$(BUILT_PRODUCTS_DIR)/InabaFlippingCardGame.app/InabaFlippingCardGame";
			};
			name = Debug;
		};
		6784A8072413E884004ED752 /* Release */ = {
			isa = XCBuildConfiguration;
			baseConfigurationReference = 15D869EB9EBE0F186355117E /* Pods-InabaFlippingCardGameTests.release.xcconfig */;
			buildSettings = {
				ALWAYS_EMBED_SWIFT_STANDARD_LIBRARIES = YES;
				BUNDLE_LOADER = "$(TEST_HOST)";
				CODE_SIGN_STYLE = Automatic;
				DEVELOPMENT_TEAM = 37MFDT4LMQ;
				INFOPLIST_FILE = InabaFlippingCardGameTests/Info.plist;
				IPHONEOS_DEPLOYMENT_TARGET = 13.2;
				LD_RUNPATH_SEARCH_PATHS = (
					"$(inherited)",
					"@executable_path/Frameworks",
					"@loader_path/Frameworks",
				);
				PRODUCT_BUNDLE_IDENTIFIER = com.fukase.InabaFlippingCardGameTests;
				PRODUCT_NAME = "$(TARGET_NAME)";
				SWIFT_VERSION = 5.0;
				TARGETED_DEVICE_FAMILY = "1,2";
				TEST_HOST = "$(BUILT_PRODUCTS_DIR)/InabaFlippingCardGame.app/InabaFlippingCardGame";
			};
			name = Release;
		};
		6784A8092413E884004ED752 /* Debug */ = {
			isa = XCBuildConfiguration;
			baseConfigurationReference = 7859A341689596C5BF869D1F /* Pods-InabaFlippingCardGame-InabaFlippingCardGameUITests.debug.xcconfig */;
			buildSettings = {
				ALWAYS_EMBED_SWIFT_STANDARD_LIBRARIES = YES;
				CODE_SIGN_STYLE = Automatic;
				DEVELOPMENT_TEAM = 37MFDT4LMQ;
				INFOPLIST_FILE = InabaFlippingCardGameUITests/Info.plist;
				LD_RUNPATH_SEARCH_PATHS = (
					"$(inherited)",
					"@executable_path/Frameworks",
					"@loader_path/Frameworks",
				);
				PRODUCT_BUNDLE_IDENTIFIER = com.fukase.InabaFlippingCardGameUITests;
				PRODUCT_NAME = "$(TARGET_NAME)";
				SWIFT_VERSION = 5.0;
				TARGETED_DEVICE_FAMILY = "1,2";
				TEST_TARGET_NAME = InabaFlippingCardGame;
			};
			name = Debug;
		};
		6784A80A2413E884004ED752 /* Release */ = {
			isa = XCBuildConfiguration;
			baseConfigurationReference = 57FD73CFD462A0C32FA7FEC8 /* Pods-InabaFlippingCardGame-InabaFlippingCardGameUITests.release.xcconfig */;
			buildSettings = {
				ALWAYS_EMBED_SWIFT_STANDARD_LIBRARIES = YES;
				CODE_SIGN_STYLE = Automatic;
				DEVELOPMENT_TEAM = 37MFDT4LMQ;
				INFOPLIST_FILE = InabaFlippingCardGameUITests/Info.plist;
				LD_RUNPATH_SEARCH_PATHS = (
					"$(inherited)",
					"@executable_path/Frameworks",
					"@loader_path/Frameworks",
				);
				PRODUCT_BUNDLE_IDENTIFIER = com.fukase.InabaFlippingCardGameUITests;
				PRODUCT_NAME = "$(TARGET_NAME)";
				SWIFT_VERSION = 5.0;
				TARGETED_DEVICE_FAMILY = "1,2";
				TEST_TARGET_NAME = InabaFlippingCardGame;
			};
			name = Release;
		};
/* End XCBuildConfiguration section */

/* Begin XCConfigurationList section */
		6784A7D32413E882004ED752 /* Build configuration list for PBXProject "InabaFlippingCardGame" */ = {
			isa = XCConfigurationList;
			buildConfigurations = (
				6784A8002413E884004ED752 /* Debug */,
				6784A8012413E884004ED752 /* Release */,
			);
			defaultConfigurationIsVisible = 0;
			defaultConfigurationName = Release;
		};
		6784A8022413E884004ED752 /* Build configuration list for PBXNativeTarget "InabaFlippingCardGame" */ = {
			isa = XCConfigurationList;
			buildConfigurations = (
				6784A8032413E884004ED752 /* Debug */,
				6784A8042413E884004ED752 /* Release */,
			);
			defaultConfigurationIsVisible = 0;
			defaultConfigurationName = Release;
		};
		6784A8052413E884004ED752 /* Build configuration list for PBXNativeTarget "InabaFlippingCardGameTests" */ = {
			isa = XCConfigurationList;
			buildConfigurations = (
				6784A8062413E884004ED752 /* Debug */,
				6784A8072413E884004ED752 /* Release */,
			);
			defaultConfigurationIsVisible = 0;
			defaultConfigurationName = Release;
		};
		6784A8082413E884004ED752 /* Build configuration list for PBXNativeTarget "InabaFlippingCardGameUITests" */ = {
			isa = XCConfigurationList;
			buildConfigurations = (
				6784A8092413E884004ED752 /* Debug */,
				6784A80A2413E884004ED752 /* Release */,
			);
			defaultConfigurationIsVisible = 0;
			defaultConfigurationName = Release;
		};
/* End XCConfigurationList section */
	};
	rootObject = 6784A7D02413E882004ED752 /* Project object */;
}
